
Microsoft Visual Studio Solution File, Format Version 12.00
# Visual Studio Version 17
VisualStudioVersion = 17.1.32407.343
MinimumVisualStudioVersion = 10.0.40219.1
Project("{9A19103F-16F7-4668-BE54-9A1E7A4F7556}") = "ProjectDashboard", "ProjectDashboard\ProjectDashboard.csproj", "{DAE96D76-17C3-4BA9-9624-486CE576DF64}"
EndProject
Project("{9A19103F-16F7-4668-BE54-9A1E7A4F7556}") = "ProjectDashboard.Library", "ProjectDashboard.Library\ProjectDashboard.Library.csproj", "{A5B788C7-C98A-4BC0-A78A-2FB03FFAFCFE}"
EndProject
Project("{2150E333-8FDC-42A3-9474-1A3956D46DE8}") = "Solution Items", "Solution Items", "{F4F84108-DF25-49D7-B6A6-1A8566C91F42}"
	ProjectSection(SolutionItems) = preProject
		Notes.txt = Notes.txt
	EndProjectSection
EndProject
Global
	GlobalSection(SolutionConfigurationPlatforms) = preSolution
		Debug|Any CPU = Debug|Any CPU
		Release|Any CPU = Release|Any CPU
	EndGlobalSection
	GlobalSection(ProjectConfigurationPlatforms) = postSolution
		{DAE96D76-17C3-4BA9-9624-486CE576DF64}.Debug|Any CPU.ActiveCfg = Debug|Any CPU
		{DAE96D76-17C3-4BA9-9624-486CE576DF64}.Debug|Any CPU.Build.0 = Debug|Any CPU
		{DAE96D76-17C3-4BA9-9624-486CE576DF64}.Release|Any CPU.ActiveCfg = Release|Any CPU
		{DAE96D76-17C3-4BA9-9624-486CE576DF64}.Release|Any CPU.Build.0 = Release|Any CPU
		{A5B788C7-C98A-4BC0-A78A-2FB03FFAFCFE}.Debug|Any CPU.ActiveCfg = Debug|Any CPU
		{A5B788C7-C98A-4BC0-A78A-2FB03FFAFCFE}.Debug|Any CPU.Build.0 = Debug|Any CPU
		{A5B788C7-C98A-4BC0-A78A-2FB03FFAFCFE}.Release|Any CPU.ActiveCfg = Release|Any CPU
		{A5B788C7-C98A-4BC0-A78A-2FB03FFAFCFE}.Release|Any CPU.Build.0 = Release|Any CPU
	EndGlobalSection
	GlobalSection(SolutionProperties) = preSolution
		HideSolutionNode = FALSE
	EndGlobalSection
	GlobalSection(ExtensibilityGlobals) = postSolution
		SolutionGuid = {F8CD928C-510E-4B25-B7E9-6B5352D5A5B2}
	EndGlobalSection
EndGlobal
