
Microsoft Visual Studio Solution File, Format Version 12.00
# Visual Studio Version 17
VisualStudioVersion = 17.4.33122.133
MinimumVisualStudioVersion = 10.0.40219.1
Project("{FAE04EC0-301F-11D3-BF4B-00C04F79EFBC}") = "ProjectDashboard.WPF", "ProjectDashboard.WPF\ProjectDashboard.WPF.csproj", "{1BCE005C-F162-40CC-9CAD-4373011131BD}"
EndProject
Project("{FAE04EC0-301F-11D3-BF4B-00C04F79EFBC}") = "ProjectDashboard.Lib", "ProjectDashboard.Lib\ProjectDashboard.Lib.csproj", "{AEE36866-7961-459B-BA00-E5A5C4C7D753}"
EndProject
Global
	GlobalSection(SolutionConfigurationPlatforms) = preSolution
		Debug|Any CPU = Debug|Any CPU
		Release|Any CPU = Release|Any CPU
	EndGlobalSection
	GlobalSection(ProjectConfigurationPlatforms) = postSolution
		{1BCE005C-F162-40CC-9CAD-4373011131BD}.Debug|Any CPU.ActiveCfg = Debug|Any CPU
		{1BCE005C-F162-40CC-9CAD-4373011131BD}.Debug|Any CPU.Build.0 = Debug|Any CPU
		{1BCE005C-F162-40CC-9CAD-4373011131BD}.Release|Any CPU.ActiveCfg = Release|Any CPU
		{1BCE005C-F162-40CC-9CAD-4373011131BD}.Release|Any CPU.Build.0 = Release|Any CPU
		{AEE36866-7961-459B-BA00-E5A5C4C7D753}.Debug|Any CPU.ActiveCfg = Debug|Any CPU
		{AEE36866-7961-459B-BA00-E5A5C4C7D753}.Debug|Any CPU.Build.0 = Debug|Any CPU
		{AEE36866-7961-459B-BA00-E5A5C4C7D753}.Release|Any CPU.ActiveCfg = Release|Any CPU
		{AEE36866-7961-459B-BA00-E5A5C4C7D753}.Release|Any CPU.Build.0 = Release|Any CPU
	EndGlobalSection
	GlobalSection(SolutionProperties) = preSolution
		HideSolutionNode = FALSE
	EndGlobalSection
	GlobalSection(ExtensibilityGlobals) = postSolution
		SolutionGuid = {D57F0B55-7965-47A6-B4C0-1DF7107D0E52}
	EndGlobalSection
EndGlobal
